
Microsoft Visual Studio Solution File, Format Version 12.00
# Visual Studio 15
VisualStudioVersion = 15.0.27703.2042
MinimumVisualStudioVersion = 10.0.40219.1
Project("{FAE04EC0-301F-11D3-BF4B-00C04F79EFBC}") = "ActionresultSamples", "ActionresultSamples\ActionresultSamples.csproj", "{52D66BBF-7B53-4A02-A0C0-D0AE2F059AE2}"
EndProject
Global
	GlobalSection(SolutionConfigurationPlatforms) = preSolution
		Debug|Any CPU = Debug|Any CPU
		Release|Any CPU = Release|Any CPU
	EndGlobalSection
	GlobalSection(ProjectConfigurationPlatforms) = postSolution
		{52D66BBF-7B53-4A02-A0C0-D0AE2F059AE2}.Debug|Any CPU.ActiveCfg = Debug|Any CPU
		{52D66BBF-7B53-4A02-A0C0-D0AE2F059AE2}.Debug|Any CPU.Build.0 = Debug|Any CPU
		{52D66BBF-7B53-4A02-A0C0-D0AE2F059AE2}.Release|Any CPU.ActiveCfg = Release|Any CPU
		{52D66BBF-7B53-4A02-A0C0-D0AE2F059AE2}.Release|Any CPU.Build.0 = Release|Any CPU
	EndGlobalSection
	GlobalSection(SolutionProperties) = preSolution
		HideSolutionNode = FALSE
	EndGlobalSection
	GlobalSection(ExtensibilityGlobals) = postSolution
		SolutionGuid = {7FAD46FF-3E49-4BE4-B365-1D1557615E0E}
	EndGlobalSection
EndGlobal
